
Microsoft Visual Studio Solution File, Format Version 12.00
# Visual Studio Version 17
VisualStudioVersion = 17.4.33205.214
MinimumVisualStudioVersion = 10.0.40219.1
Project("{FAE04EC0-301F-11D3-BF4B-00C04F79EFBC}") = "EmployeePayrollWebForms", "EmployeePayrollWebForms\EmployeePayrollWebForms.csproj", "{FB40D700-6592-491E-9802-559B29F526D3}"
EndProject
Global
	GlobalSection(SolutionConfigurationPlatforms) = preSolution
		Debug|Any CPU = Debug|Any CPU
		Release|Any CPU = Release|Any CPU
	EndGlobalSection
	GlobalSection(ProjectConfigurationPlatforms) = postSolution
		{FB40D700-6592-491E-9802-559B29F526D3}.Debug|Any CPU.ActiveCfg = Debug|Any CPU
		{FB40D700-6592-491E-9802-559B29F526D3}.Debug|Any CPU.Build.0 = Debug|Any CPU
		{FB40D700-6592-491E-9802-559B29F526D3}.Release|Any CPU.ActiveCfg = Release|Any CPU
		{FB40D700-6592-491E-9802-559B29F526D3}.Release|Any CPU.Build.0 = Release|Any CPU
	EndGlobalSection
	GlobalSection(SolutionProperties) = preSolution
		HideSolutionNode = FALSE
	EndGlobalSection
	GlobalSection(ExtensibilityGlobals) = postSolution
		SolutionGuid = {DE892C3D-BBFB-4897-AFBF-1D77E30FECB9}
	EndGlobalSection
EndGlobal
